
Microsoft Visual Studio Solution File, Format Version 12.00
# Visual Studio Version 16
VisualStudioVersion = 16.0.29519.181
MinimumVisualStudioVersion = 10.0.40219.1
Project("{FAE04EC0-301F-11D3-BF4B-00C04F79EFBC}") = "ServiceConsole", "ServiceConsole\ServiceConsole.csproj", "{F64F44B6-3EE7-4514-9BF6-BA0D0FA368C2}"
EndProject
Project("{FAE04EC0-301F-11D3-BF4B-00C04F79EFBC}") = "WorkerService", "UserService\UserService.csproj", "{CE9810A9-94B3-45AE-A5A8-986EA768BDAE}"
EndProject
Global
	GlobalSection(SolutionConfigurationPlatforms) = preSolution
		Debug|Any CPU = Debug|Any CPU
		Release|Any CPU = Release|Any CPU
	EndGlobalSection
	GlobalSection(ProjectConfigurationPlatforms) = postSolution
		{F64F44B6-3EE7-4514-9BF6-BA0D0FA368C2}.Debug|Any CPU.ActiveCfg = Debug|Any CPU
		{F64F44B6-3EE7-4514-9BF6-BA0D0FA368C2}.Debug|Any CPU.Build.0 = Debug|Any CPU
		{F64F44B6-3EE7-4514-9BF6-BA0D0FA368C2}.Release|Any CPU.ActiveCfg = Release|Any CPU
		{F64F44B6-3EE7-4514-9BF6-BA0D0FA368C2}.Release|Any CPU.Build.0 = Release|Any CPU
		{CE9810A9-94B3-45AE-A5A8-986EA768BDAE}.Debug|Any CPU.ActiveCfg = Debug|Any CPU
		{CE9810A9-94B3-45AE-A5A8-986EA768BDAE}.Debug|Any CPU.Build.0 = Debug|Any CPU
		{CE9810A9-94B3-45AE-A5A8-986EA768BDAE}.Release|Any CPU.ActiveCfg = Release|Any CPU
		{CE9810A9-94B3-45AE-A5A8-986EA768BDAE}.Release|Any CPU.Build.0 = Release|Any CPU
	EndGlobalSection
	GlobalSection(SolutionProperties) = preSolution
		HideSolutionNode = FALSE
	EndGlobalSection
	GlobalSection(ExtensibilityGlobals) = postSolution
		SolutionGuid = {A23F7F5B-1B10-48FC-A479-5EEA4C0058A9}
	EndGlobalSection
EndGlobal
